{
  "nodes": {
    "levers": {
      "inputs": {
        "nixpkgs": [
          "nixpkgs"
        ]
      },
      "locked": {
        "lastModified": 1761565563,
        "narHash": "sha256-zDY31Ux4MTtPT2DrnAybo3SUhMjvlYbB74Diy5mi6J8=",
        "owner": "kquick",
        "repo": "nix-levers",
        "rev": "7917e3da83956b8b525957f9c4ff643903880c61",
        "type": "github"
      },
      "original": {
        "owner": "kquick",
        "repo": "nix-levers",
        "type": "github"
      }
    },
    "nixpkgs": {
      "locked": {
        "lastModified": 1764947035,
        "narHash": "sha256-EYHSjVM4Ox4lvCXUMiKKs2vETUSL5mx+J2FfutM7T9w=",
        "owner": "nixos",
        "repo": "nixpkgs",
        "rev": "a672be65651c80d3f592a89b3945466584a22069",
        "type": "github"
      },
      "original": {
        "owner": "nixos",
        "ref": "nixpkgs-unstable",
        "repo": "nixpkgs",
        "type": "github"
      }
    },
    "root": {
      "inputs": {
        "levers": "levers",
        "nixpkgs": "nixpkgs",
        "sayable": "sayable"
      }
    },
    "sayable": {
      "inputs": {
        "levers": [
          "levers"
        ],
        "nixpkgs": [
          "nixpkgs"
        ]
      },
      "locked": {
        "lastModified": 1762015650,
        "narHash": "sha256-WF4ME1iNNpuD8lT+HyPBaL4GXfjQK3n4v4k/XyYytFQ=",
        "owner": "kquick",
        "repo": "sayable",
        "rev": "251b6533971a5395fdb42d3d23df601b957a80a2",
        "type": "github"
      },
      "original": {
        "owner": "kquick",
        "repo": "sayable",
        "type": "github"
      }
    }
  },
  "root": "root",
  "version": 7
}
