{
  "nodes": {
    "levers": {
      "inputs": {
        "nixpkgs": [
          "nixpkgs"
        ]
      },
      "locked": {
        "lastModified": 1767873335,
        "narHash": "sha256-I7Sq5FoQJIAfZst+5KhnmxU9viu0LJKWvz7DqsFhw+g=",
        "owner": "kquick",
        "repo": "nix-levers",
        "rev": "fa4fbb1e6c33e9a73fedcaa58a18e8534fb488d3",
        "type": "github"
      },
      "original": {
        "owner": "kquick",
        "repo": "nix-levers",
        "type": "github"
      }
    },
    "nixpkgs": {
      "locked": {
        "lastModified": 1767966113,
        "narHash": "sha256-mSTsvXa4WveSRJexsmCbm9dY17B1fKp7NLpJxllpQw4=",
        "owner": "nixos",
        "repo": "nixpkgs",
        "rev": "5f02c91314c8ba4afe83b256b023756412218535",
        "type": "github"
      },
      "original": {
        "owner": "nixos",
        "ref": "nixpkgs-unstable",
        "repo": "nixpkgs",
        "type": "github"
      }
    },
    "root": {
      "inputs": {
        "levers": "levers",
        "nixpkgs": "nixpkgs",
        "sayable": "sayable"
      }
    },
    "sayable": {
      "inputs": {
        "levers": [
          "levers"
        ],
        "nixpkgs": [
          "nixpkgs"
        ]
      },
      "locked": {
        "lastModified": 1767578011,
        "narHash": "sha256-XHABeHA9Ca8+X88kdSP0g+tyQExScPgOqrEfC7jmEIY=",
        "owner": "kquick",
        "repo": "sayable",
        "rev": "24a600ee82f855329b1dc0a6ba9106ec46215b7a",
        "type": "github"
      },
      "original": {
        "owner": "kquick",
        "repo": "sayable",
        "type": "github"
      }
    }
  },
  "root": "root",
  "version": 7
}
